
Microsoft Visual Studio Solution File, Format Version 12.00
# Visual Studio 15
VisualStudioVersion = 15.0.28307.1082
MinimumVisualStudioVersion = 10.0.40219.1
Project("{FAE04EC0-301F-11D3-BF4B-00C04F79EFBC}") = "task10", "task10\task10.csproj", "{5ECAB887-F61A-41D7-AA53-B05CC8F286C0}"
EndProject
Global
	GlobalSection(SolutionConfigurationPlatforms) = preSolution
		Debug|Any CPU = Debug|Any CPU
		Release|Any CPU = Release|Any CPU
	EndGlobalSection
	GlobalSection(ProjectConfigurationPlatforms) = postSolution
		{5ECAB887-F61A-41D7-AA53-B05CC8F286C0}.Debug|Any CPU.ActiveCfg = Debug|Any CPU
		{5ECAB887-F61A-41D7-AA53-B05CC8F286C0}.Debug|Any CPU.Build.0 = Debug|Any CPU
		{5ECAB887-F61A-41D7-AA53-B05CC8F286C0}.Release|Any CPU.ActiveCfg = Release|Any CPU
		{5ECAB887-F61A-41D7-AA53-B05CC8F286C0}.Release|Any CPU.Build.0 = Release|Any CPU
	EndGlobalSection
	GlobalSection(SolutionProperties) = preSolution
		HideSolutionNode = FALSE
	EndGlobalSection
	GlobalSection(ExtensibilityGlobals) = postSolution
		SolutionGuid = {4A9D76B1-BD0C-4662-8916-D6E86BC1EC14}
	EndGlobalSection
EndGlobal
